
Microsoft Visual Studio Solution File, Format Version 12.00
# Visual Studio Version 17
VisualStudioVersion = 17.0.31903.59
MinimumVisualStudioVersion = 10.0.40219.1
Project("{FAE04EC0-301F-11D3-BF4B-00C04F79EFBC}") = "Our.Umbraco.Community.EntraUserPicker.Site", "Our.Umbraco.Community.EntraUserPicker.Site\Our.Umbraco.Community.EntraUserPicker.Site.csproj", "{3EA0FFA5-ABAF-460C-9C80-D2F5D9A3E7C8}"
EndProject
Project("{FAE04EC0-301F-11D3-BF4B-00C04F79EFBC}") = "Our.Umbraco.Community.EntraUserPicker", "Our.Umbraco.Community.EntraUserPicker\Our.Umbraco.Community.EntraUserPicker.csproj", "{5F0CF5E2-6112-442E-A3BD-2CDB728F6A7F}"
EndProject
Global
	GlobalSection(SolutionConfigurationPlatforms) = preSolution
		Debug|Any CPU = Debug|Any CPU
		Release|Any CPU = Release|Any CPU
	EndGlobalSection
	GlobalSection(ProjectConfigurationPlatforms) = postSolution
		{3EA0FFA5-ABAF-460C-9C80-D2F5D9A3E7C8}.Debug|Any CPU.ActiveCfg = Debug|Any CPU
		{3EA0FFA5-ABAF-460C-9C80-D2F5D9A3E7C8}.Debug|Any CPU.Build.0 = Debug|Any CPU
		{3EA0FFA5-ABAF-460C-9C80-D2F5D9A3E7C8}.Release|Any CPU.ActiveCfg = Release|Any CPU
		{3EA0FFA5-ABAF-460C-9C80-D2F5D9A3E7C8}.Release|Any CPU.Build.0 = Release|Any CPU
		{5F0CF5E2-6112-442E-A3BD-2CDB728F6A7F}.Debug|Any CPU.ActiveCfg = Debug|Any CPU
		{5F0CF5E2-6112-442E-A3BD-2CDB728F6A7F}.Debug|Any CPU.Build.0 = Debug|Any CPU
		{5F0CF5E2-6112-442E-A3BD-2CDB728F6A7F}.Release|Any CPU.ActiveCfg = Release|Any CPU
		{5F0CF5E2-6112-442E-A3BD-2CDB728F6A7F}.Release|Any CPU.Build.0 = Release|Any CPU
	EndGlobalSection
	GlobalSection(SolutionProperties) = preSolution
		HideSolutionNode = FALSE
	EndGlobalSection
EndGlobal
